
Microsoft Visual Studio Solution File, Format Version 12.00
# Visual Studio Version 17
VisualStudioVersion = 17.5.002.0
MinimumVisualStudioVersion = 10.0.40219.1
Project("{9A19103F-16F7-4668-BE54-9A1E7A4F7556}") = "TelegramBotApi", "TelegramBotApi.csproj", "{B21C5FF5-91A7-4188-82F3-8FFEA38960C1}"
EndProject
Global
	GlobalSection(SolutionConfigurationPlatforms) = preSolution
		Debug|Any CPU = Debug|Any CPU
		Release|Any CPU = Release|Any CPU
	EndGlobalSection
	GlobalSection(ProjectConfigurationPlatforms) = postSolution
		{B21C5FF5-91A7-4188-82F3-8FFEA38960C1}.Debug|Any CPU.ActiveCfg = Debug|Any CPU
		{B21C5FF5-91A7-4188-82F3-8FFEA38960C1}.Debug|Any CPU.Build.0 = Debug|Any CPU
		{B21C5FF5-91A7-4188-82F3-8FFEA38960C1}.Release|Any CPU.ActiveCfg = Release|Any CPU
		{B21C5FF5-91A7-4188-82F3-8FFEA38960C1}.Release|Any CPU.Build.0 = Release|Any CPU
	EndGlobalSection
	GlobalSection(SolutionProperties) = preSolution
		HideSolutionNode = FALSE
	EndGlobalSection
	GlobalSection(ExtensibilityGlobals) = postSolution
		SolutionGuid = {A9F72288-3974-41AC-A88C-7A824AE06E95}
	EndGlobalSection
EndGlobal
